<?xml version="1.0" encoding="utf-8"?>
<Project ToolsVersion="4.0" xmlns="http://schemas.microsoft.com/developer/msbuild/2003">
  <ItemGroup>
    <Filter Include="Source Files">
      <UniqueIdentifier>{4FC737F1-C7A5-4376-A066-2A32D752A2FF}</UniqueIdentifier>
      <Extensions>cpp;c;cc;cxx;c++;cppm;ixx;def;odl;idl;hpj;bat;asm;asmx</Extensions>
    </Filter>
    <Filter Include="Header Files">
      <UniqueIdentifier>{93995380-89BD-4b04-88EB-625FBE52EBFB}</UniqueIdentifier>
      <Extensions>h;hh;hpp;hxx;h++;hm;inl;inc;ipp;xsd</Extensions>
    </Filter>
    <Filter Include="Resource Files">
      <UniqueIdentifier>{67DA6AB6-F800-4c08-8B7A-83BB121AAD01}</UniqueIdentifier>
      <Extensions>rc;ico;cur;bmp;dlg;rc2;rct;bin;rgs;gif;jpg;jpeg;jpe;resx;tiff;tif;png;wav;mfcribbon-ms</Extensions>
    </Filter>
    <Filter Include="Header Files\Core">
      <UniqueIdentifier>{1e55a989-3181-4601-8a3e-06d0b745f241}</UniqueIdentifier>
    </Filter>
    <Filter Include="Source Files\Core">
      <UniqueIdentifier>{f80fd878-0dc0-4326-8a22-fbce597d781f}</UniqueIdentifier>
    </Filter>
    <Filter Include="Header Files\Factory">
      <UniqueIdentifier>{c0b1f464-a3fb-425e-acbf-cb8eb9b0c16a}</UniqueIdentifier>
    </Filter>
    <Filter Include="Source Files\Factory">
      <UniqueIdentifier>{eccc4d48-f5fb-4b42-a198-5ad80759a09e}</UniqueIdentifier>
    </Filter>
    <Filter Include="Header Files\Strategy">
      <UniqueIdentifier>{32830f58-3a0a-4c76-ac01-e281bf166f53}</UniqueIdentifier>
    </Filter>
    <Filter Include="Source Files\Strategy">
      <UniqueIdentifier>{7e695832-ab2f-41fe-a390-8c575c2f1ab6}</UniqueIdentifier>
    </Filter>
    <Filter Include="Header Files\Exceptions">
      <UniqueIdentifier>{1af380f3-2ca8-4330-a3b0-251165cf183c}</UniqueIdentifier>
    </Filter>
    <Filter Include="Source Files\Exceptions">
      <UniqueIdentifier>{3531b060-4788-493f-b959-107f04b3e8e9}</UniqueIdentifier>
    </Filter>
  </ItemGroup>
  <ItemGroup>
    <None Include="ClassDiagram.cd" />
  </ItemGroup>
  <ItemGroup>
    <ClInclude Include="headers\core\TicTacToeGame.h">
      <Filter>Header Files\Core</Filter>
    </ClInclude>
    <ClInclude Include="headers\core\Bot.h">
      <Filter>Header Files\Core</Filter>
    </ClInclude>
    <ClInclude Include="headers\core\BotDifficultyLevel.h">
      <Filter>Header Files\Core</Filter>
    </ClInclude>
    <ClInclude Include="headers\core\Cell.h">
      <Filter>Header Files\Core</Filter>
    </ClInclude>
    <ClInclude Include="headers\core\CellState.h">
      <Filter>Header Files\Core</Filter>
    </ClInclude>
    <ClInclude Include="headers\core\GameBoard.h">
      <Filter>Header Files\Core</Filter>
    </ClInclude>
    <ClInclude Include="headers\core\GameStatus.h">
      <Filter>Header Files\Core</Filter>
    </ClInclude>
    <ClInclude Include="headers\core\Move.h">
      <Filter>Header Files\Core</Filter>
    </ClInclude>
    <ClInclude Include="headers\core\Player.h">
      <Filter>Header Files\Core</Filter>
    </ClInclude>
    <ClInclude Include="headers\core\PlayerType.h">
      <Filter>Header Files\Core</Filter>
    </ClInclude>
    <ClInclude Include="PlayerCountException.h">
      <Filter>Header Files\Exceptions</Filter>
    </ClInclude>
    <ClInclude Include="BoardDimensionException.h">
      <Filter>Header Files\Exceptions</Filter>
    </ClInclude>
    <ClInclude Include="DuplicatePlayerSymbolException.h">
      <Filter>Header Files\Exceptions</Filter>
    </ClInclude>
  </ItemGroup>
  <ItemGroup>
    <ClCompile Include="source\core\Bot.cpp">
      <Filter>Source Files\Core</Filter>
    </ClCompile>
    <ClCompile Include="source\core\Cell.cpp">
      <Filter>Source Files\Core</Filter>
    </ClCompile>
    <ClCompile Include="source\core\GameBoard.cpp">
      <Filter>Source Files\Core</Filter>
    </ClCompile>
    <ClCompile Include="source\core\Move.cpp">
      <Filter>Source Files\Core</Filter>
    </ClCompile>
    <ClCompile Include="source\core\Player.cpp">
      <Filter>Source Files\Core</Filter>
    </ClCompile>
    <ClCompile Include="source\core\Source.cpp">
      <Filter>Source Files\Core</Filter>
    </ClCompile>
    <ClCompile Include="source\core\TicTacToeGame.cpp">
      <Filter>Source Files\Core</Filter>
    </ClCompile>
    <ClCompile Include="PlayerCountException.cpp">
      <Filter>Source Files\Exceptions</Filter>
    </ClCompile>
    <ClCompile Include="BoardDimensionException.cpp">
      <Filter>Source Files\Exceptions</Filter>
    </ClCompile>
    <ClCompile Include="DuplicatePlayerSymbolException.cpp">
      <Filter>Source Files\Exceptions</Filter>
    </ClCompile>
  </ItemGroup>
</Project>